
Microsoft Visual Studio Solution File, Format Version 12.00
# Visual Studio Version 17
VisualStudioVersion = 17.14.36203.30 d17.14
MinimumVisualStudioVersion = 10.0.40219.1
Project("{FAE04EC0-301F-11D3-BF4B-00C04F79EFBC}") = "CrudJsonWinForms", "CrudJsonWinForms\CrudJsonWinForms.csproj", "{05807645-B459-4DAD-AAA3-D7DA9BF63917}"
EndProject
Global
	GlobalSection(SolutionConfigurationPlatforms) = preSolution
		Debug|Any CPU = Debug|Any CPU
		Release|Any CPU = Release|Any CPU
	EndGlobalSection
	GlobalSection(ProjectConfigurationPlatforms) = postSolution
		{05807645-B459-4DAD-AAA3-D7DA9BF63917}.Debug|Any CPU.ActiveCfg = Debug|Any CPU
		{05807645-B459-4DAD-AAA3-D7DA9BF63917}.Debug|Any CPU.Build.0 = Debug|Any CPU
		{05807645-B459-4DAD-AAA3-D7DA9BF63917}.Release|Any CPU.ActiveCfg = Release|Any CPU
		{05807645-B459-4DAD-AAA3-D7DA9BF63917}.Release|Any CPU.Build.0 = Release|Any CPU
	EndGlobalSection
	GlobalSection(SolutionProperties) = preSolution
		HideSolutionNode = FALSE
	EndGlobalSection
	GlobalSection(ExtensibilityGlobals) = postSolution
		SolutionGuid = {6FC5D946-A316-4E1A-BD10-2F331263BFD0}
	EndGlobalSection
EndGlobal
